
Microsoft Visual Studio Solution File, Format Version 12.00
# Visual Studio Version 17
VisualStudioVersion = 17.12.35309.182
MinimumVisualStudioVersion = 10.0.40219.1
Project("{2150E333-8FDC-42A3-9474-1A3956D46DE8}") = "src", "src", "{2F0A8F23-51BF-45B6-999F-05909C67E2F5}"
EndProject
Project("{2150E333-8FDC-42A3-9474-1A3956D46DE8}") = "Core", "Core", "{5344B1ED-7A1E-4192-8680-CB3BBD39EA00}"
EndProject
Project("{2150E333-8FDC-42A3-9474-1A3956D46DE8}") = "BusinessLogic", "BusinessLogic", "{A9162088-8186-443D-B1B8-78482689917E}"
EndProject
Project("{2150E333-8FDC-42A3-9474-1A3956D46DE8}") = "Presentation", "Presentation", "{44A776B5-4775-416A-AFAF-F5A983286AA4}"
EndProject
Project("{FAE04EC0-301F-11D3-BF4B-00C04F79EFBC}") = "ERP.Domain", "ERP.Domain\ERP.Domain.csproj", "{DEDAC4F3-C703-47D7-80F1-05A2BE667F9B}"
EndProject
Project("{FAE04EC0-301F-11D3-BF4B-00C04F79EFBC}") = "Application", "Erp.Appliction\Application.csproj", "{31C76DE0-9921-4216-B8BA-75BA3E834C3C}"
EndProject
Project("{FAE04EC0-301F-11D3-BF4B-00C04F79EFBC}") = "ERP.Infrastructure", "ERP.Infrastructure\ERP.Infrastructure.csproj", "{DED908C5-4EBF-42D9-8A71-774E321FCAE9}"
EndProject
Project("{FAE04EC0-301F-11D3-BF4B-00C04F79EFBC}") = "ERP.BL", "ERP.BL\ERP.BL.csproj", "{C987BB90-EFA4-4DDC-B63D-AE0897170181}"
EndProject
Project("{FAE04EC0-301F-11D3-BF4B-00C04F79EFBC}") = "ERP.Web", "ERP.Web\ERP.Web.csproj", "{468CB7BC-6FA7-4FC3-AF37-ACEB0557C28E}"
EndProject
Project("{FAE04EC0-301F-11D3-BF4B-00C04F79EFBC}") = "ERP.Dtos", "ERP.Dtos\ERP.Dtos.csproj", "{3F100F26-F9E7-4907-9867-29C91EEFBDD0}"
EndProject
Global
	GlobalSection(SolutionConfigurationPlatforms) = preSolution
		Debug|Any CPU = Debug|Any CPU
		Release|Any CPU = Release|Any CPU
	EndGlobalSection
	GlobalSection(ProjectConfigurationPlatforms) = postSolution
		{DEDAC4F3-C703-47D7-80F1-05A2BE667F9B}.Debug|Any CPU.ActiveCfg = Debug|Any CPU
		{DEDAC4F3-C703-47D7-80F1-05A2BE667F9B}.Debug|Any CPU.Build.0 = Debug|Any CPU
		{DEDAC4F3-C703-47D7-80F1-05A2BE667F9B}.Release|Any CPU.ActiveCfg = Release|Any CPU
		{DEDAC4F3-C703-47D7-80F1-05A2BE667F9B}.Release|Any CPU.Build.0 = Release|Any CPU
		{31C76DE0-9921-4216-B8BA-75BA3E834C3C}.Debug|Any CPU.ActiveCfg = Debug|Any CPU
		{31C76DE0-9921-4216-B8BA-75BA3E834C3C}.Debug|Any CPU.Build.0 = Debug|Any CPU
		{31C76DE0-9921-4216-B8BA-75BA3E834C3C}.Release|Any CPU.ActiveCfg = Release|Any CPU
		{31C76DE0-9921-4216-B8BA-75BA3E834C3C}.Release|Any CPU.Build.0 = Release|Any CPU
		{DED908C5-4EBF-42D9-8A71-774E321FCAE9}.Debug|Any CPU.ActiveCfg = Debug|Any CPU
		{DED908C5-4EBF-42D9-8A71-774E321FCAE9}.Debug|Any CPU.Build.0 = Debug|Any CPU
		{DED908C5-4EBF-42D9-8A71-774E321FCAE9}.Release|Any CPU.ActiveCfg = Release|Any CPU
		{DED908C5-4EBF-42D9-8A71-774E321FCAE9}.Release|Any CPU.Build.0 = Release|Any CPU
		{C987BB90-EFA4-4DDC-B63D-AE0897170181}.Debug|Any CPU.ActiveCfg = Debug|Any CPU
		{C987BB90-EFA4-4DDC-B63D-AE0897170181}.Debug|Any CPU.Build.0 = Debug|Any CPU
		{C987BB90-EFA4-4DDC-B63D-AE0897170181}.Release|Any CPU.ActiveCfg = Release|Any CPU
		{C987BB90-EFA4-4DDC-B63D-AE0897170181}.Release|Any CPU.Build.0 = Release|Any CPU
		{468CB7BC-6FA7-4FC3-AF37-ACEB0557C28E}.Debug|Any CPU.ActiveCfg = Debug|Any CPU
		{468CB7BC-6FA7-4FC3-AF37-ACEB0557C28E}.Debug|Any CPU.Build.0 = Debug|Any CPU
		{468CB7BC-6FA7-4FC3-AF37-ACEB0557C28E}.Release|Any CPU.ActiveCfg = Release|Any CPU
		{468CB7BC-6FA7-4FC3-AF37-ACEB0557C28E}.Release|Any CPU.Build.0 = Release|Any CPU
		{3F100F26-F9E7-4907-9867-29C91EEFBDD0}.Debug|Any CPU.ActiveCfg = Debug|Any CPU
		{3F100F26-F9E7-4907-9867-29C91EEFBDD0}.Debug|Any CPU.Build.0 = Debug|Any CPU
		{3F100F26-F9E7-4907-9867-29C91EEFBDD0}.Release|Any CPU.ActiveCfg = Release|Any CPU
		{3F100F26-F9E7-4907-9867-29C91EEFBDD0}.Release|Any CPU.Build.0 = Release|Any CPU
	EndGlobalSection
	GlobalSection(SolutionProperties) = preSolution
		HideSolutionNode = FALSE
	EndGlobalSection
	GlobalSection(NestedProjects) = preSolution
		{5344B1ED-7A1E-4192-8680-CB3BBD39EA00} = {2F0A8F23-51BF-45B6-999F-05909C67E2F5}
		{A9162088-8186-443D-B1B8-78482689917E} = {2F0A8F23-51BF-45B6-999F-05909C67E2F5}
		{44A776B5-4775-416A-AFAF-F5A983286AA4} = {2F0A8F23-51BF-45B6-999F-05909C67E2F5}
		{DEDAC4F3-C703-47D7-80F1-05A2BE667F9B} = {5344B1ED-7A1E-4192-8680-CB3BBD39EA00}
		{31C76DE0-9921-4216-B8BA-75BA3E834C3C} = {5344B1ED-7A1E-4192-8680-CB3BBD39EA00}
		{DED908C5-4EBF-42D9-8A71-774E321FCAE9} = {A9162088-8186-443D-B1B8-78482689917E}
		{C987BB90-EFA4-4DDC-B63D-AE0897170181} = {A9162088-8186-443D-B1B8-78482689917E}
		{468CB7BC-6FA7-4FC3-AF37-ACEB0557C28E} = {44A776B5-4775-416A-AFAF-F5A983286AA4}
		{3F100F26-F9E7-4907-9867-29C91EEFBDD0} = {5344B1ED-7A1E-4192-8680-CB3BBD39EA00}
	EndGlobalSection
	GlobalSection(ExtensibilityGlobals) = postSolution
		SolutionGuid = {E3547E59-8982-412A-A20A-F69135A36EE3}
	EndGlobalSection
EndGlobal
